// !$*UTF8*$!
{
	archiveVersion = 1;
	classes = {
	};
	objectVersion = 46;
	objects = {

/* Begin PBXBuildFile section */
		FAF211CD1D7154A90031E40B /* AppDelegate.swift in Sources */ = {isa = PBXBuildFile; fileRef = FAF211CC1D7154A90031E40B /* AppDelegate.swift */; };
		FAF211D21D7154A90031E40B /* Main.storyboard in Resources */ = {isa = PBXBuildFile; fileRef = FAF211D01D7154A90031E40B /* Main.storyboard */; };
		FAF211D41D7154A90031E40B /* Assets.xcassets in Resources */ = {isa = PBXBuildFile; fileRef = FAF211D31D7154A90031E40B /* Assets.xcassets */; };
		FAF211D71D7154A90031E40B /* LaunchScreen.storyboard in Resources */ = {isa = PBXBuildFile; fileRef = FAF211D51D7154A90031E40B /* LaunchScreen.storyboard */; };
		FAF211E21D7154A90031E40B /* Timer2Tests.swift in Sources */ = {isa = PBXBuildFile; fileRef = FAF211E11D7154A90031E40B /* Timer2Tests.swift */; };
		FAF211ED1D7154A90031E40B /* Timer2UITests.swift in Sources */ = {isa = PBXBuildFile; fileRef = FAF211EC1D7154A90031E40B /* Timer2UITests.swift */; };
		FAF211FB1D7155850031E40B /* TimerViewController.swift in Sources */ = {isa = PBXBuildFile; fileRef = FAF211FA1D7155850031E40B /* TimerViewController.swift */; };
/* End PBXBuildFile section */

/* Begin PBXContainerItemProxy section */
		FAF211DE1D7154A90031E40B /* PBXContainerItemProxy */ = {
			isa = PBXContainerItemProxy;
			containerPortal = FAF211C11D7154A90031E40B /* Project object */;
			proxyType = 1;
			remoteGlobalIDString = FAF211C81D7154A90031E40B;
			remoteInfo = Timer2;
		};
		FAF211E91D7154A90031E40B /* PBXContainerItemProxy */ = {
			isa = PBXContainerItemProxy;
			containerPortal = FAF211C11D7154A90031E40B /* Project object */;
			proxyType = 1;
			remoteGlobalIDString = FAF211C81D7154A90031E40B;
			remoteInfo = Timer2;
		};
/* End PBXContainerItemProxy section */

/* Begin PBXFileReference section */
		FAF211C91D7154A90031E40B /* Timer2.app */ = {isa = PBXFileReference; explicitFileType = wrapper.application; includeInIndex = 0; path = Timer2.app; sourceTree = BUILT_PRODUCTS_DIR; };
		FAF211CC1D7154A90031E40B /* AppDelegate.swift */ = {isa = PBXFileReference; lastKnownFileType = sourcecode.swift; path = AppDelegate.swift; sourceTree = "<group>"; };
		FAF211D11D7154A90031E40B /* Base */ = {isa = PBXFileReference; lastKnownFileType = file.storyboard; name = Base; path = Base.lproj/Main.storyboard; sourceTree = "<group>"; };
		FAF211D31D7154A90031E40B /* Assets.xcassets */ = {isa = PBXFileReference; lastKnownFileType = folder.assetcatalog; path = Assets.xcassets; sourceTree = "<group>"; };
		FAF211D61D7154A90031E40B /* Base */ = {isa = PBXFileReference; lastKnownFileType = file.storyboard; name = Base; path = Base.lproj/LaunchScreen.storyboard; sourceTree = "<group>"; };
		FAF211D81D7154A90031E40B /* Info.plist */ = {isa = PBXFileReference; lastKnownFileType = text.plist.xml; path = Info.plist; sourceTree = "<group>"; };
		FAF211DD1D7154A90031E40B /* Timer2Tests.xctest */ = {isa = PBXFileReference; explicitFileType = wrapper.cfbundle; includeInIndex = 0; path = Timer2Tests.xctest; sourceTree = BUILT_PRODUCTS_DIR; };
		FAF211E11D7154A90031E40B /* Timer2Tests.swift */ = {isa = PBXFileReference; lastKnownFileType = sourcecode.swift; path = Timer2Tests.swift; sourceTree = "<group>"; };
		FAF211E31D7154A90031E40B /* Info.plist */ = {isa = PBXFileReference; lastKnownFileType = text.plist.xml; path = Info.plist; sourceTree = "<group>"; };
		FAF211E81D7154A90031E40B /* Timer2UITests.xctest */ = {isa = PBXFileReference; explicitFileType = wrapper.cfbundle; includeInIndex = 0; path = Timer2UITests.xctest; sourceTree = BUILT_PRODUCTS_DIR; };
		FAF211EC1D7154A90031E40B /* Timer2UITests.swift */ = {isa = PBXFileReference; lastKnownFileType = sourcecode.swift; path = Timer2UITests.swift; sourceTree = "<group>"; };
		FAF211EE1D7154A90031E40B /* Info.plist */ = {isa = PBXFileReference; lastKnownFileType = text.plist.xml; path = Info.plist; sourceTree = "<group>"; };
		FAF211FA1D7155850031E40B /* TimerViewController.swift */ = {isa = PBXFileReference; fileEncoding = 4; lastKnownFileType = sourcecode.swift; path = TimerViewController.swift; sourceTree = "<group>"; };
/* End PBXFileReference section */

/* Begin PBXFrameworksBuildPhase section */
		FAF211C61D7154A90031E40B /* Frameworks */ = {
			isa = PBXFrameworksBuildPhase;
			buildActionMask = 2147483647;
			files = (
			);
			runOnlyForDeploymentPostprocessing = 0;
		};
		FAF211DA1D7154A90031E40B /* Frameworks */ = {
			isa = PBXFrameworksBuildPhase;
			buildActionMask = 2147483647;
			files = (
			);
			runOnlyForDeploymentPostprocessing = 0;
		};
		FAF211E51D7154A90031E40B /* Frameworks */ = {
			isa = PBXFrameworksBuildPhase;
			buildActionMask = 2147483647;
			files = (
			);
			runOnlyForDeploymentPostprocessing = 0;
		};
/* End PBXFrameworksBuildPhase section */

/* Begin PBXGroup section */
		FAF211C01D7154A90031E40B = {
			isa = PBXGroup;
			children = (
				FAF211CB1D7154A90031E40B /* Timer2 */,
				FAF211E01D7154A90031E40B /* Timer2Tests */,
				FAF211EB1D7154A90031E40B /* Timer2UITests */,
				FAF211CA1D7154A90031E40B /* Products */,
			);
			sourceTree = "<group>";
		};
		FAF211CA1D7154A90031E40B /* Products */ = {
			isa = PBXGroup;
			children = (
				FAF211C91D7154A90031E40B /* Timer2.app */,
				FAF211DD1D7154A90031E40B /* Timer2Tests.xctest */,
				FAF211E81D7154A90031E40B /* Timer2UITests.xctest */,
			);
			name = Products;
			sourceTree = "<group>";
		};
		FAF211CB1D7154A90031E40B /* Timer2 */ = {
			isa = PBXGroup;
			children = (
				FAF211FA1D7155850031E40B /* TimerViewController.swift */,
				FAF211CC1D7154A90031E40B /* AppDelegate.swift */,
				FAF211D01D7154A90031E40B /* Main.storyboard */,
				FAF211D31D7154A90031E40B /* Assets.xcassets */,
				FAF211D51D7154A90031E40B /* LaunchScreen.storyboard */,
				FAF211D81D7154A90031E40B /* Info.plist */,
			);
			path = Timer2;
			sourceTree = "<group>";
		};
		FAF211E01D7154A90031E40B /* Timer2Tests */ = {
			isa = PBXGroup;
			children = (
				FAF211E11D7154A90031E40B /* Timer2Tests.swift */,
				FAF211E31D7154A90031E40B /* Info.plist */,
			);
			path = Timer2Tests;
			sourceTree = "<group>";
		};
		FAF211EB1D7154A90031E40B /* Timer2UITests */ = {
			isa = PBXGroup;
			children = (
				FAF211EC1D7154A90031E40B /* Timer2UITests.swift */,
				FAF211EE1D7154A90031E40B /* Info.plist */,
			);
			path = Timer2UITests;
			sourceTree = "<group>";
		};
/* End PBXGroup section */

/* Begin PBXNativeTarget section */
		FAF211C81D7154A90031E40B /* Timer2 */ = {
			isa = PBXNativeTarget;
			buildConfigurationList = FAF211F11D7154A90031E40B /* Build configuration list for PBXNativeTarget "Timer2" */;
			buildPhases = (
				FAF211C51D7154A90031E40B /* Sources */,
				FAF211C61D7154A90031E40B /* Frameworks */,
				FAF211C71D7154A90031E40B /* Resources */,
			);
			buildRules = (
			);
			dependencies = (
			);
			name = Timer2;
			productName = Timer2;
			productReference = FAF211C91D7154A90031E40B /* Timer2.app */;
			productType = "com.apple.product-type.application";
		};
		FAF211DC1D7154A90031E40B /* Timer2Tests */ = {
			isa = PBXNativeTarget;
			buildConfigurationList = FAF211F41D7154A90031E40B /* Build configuration list for PBXNativeTarget "Timer2Tests" */;
			buildPhases = (
				FAF211D91D7154A90031E40B /* Sources */,
				FAF211DA1D7154A90031E40B /* Frameworks */,
				FAF211DB1D7154A90031E40B /* Resources */,
			);
			buildRules = (
			);
			dependencies = (
				FAF211DF1D7154A90031E40B /* PBXTargetDependency */,
			);
			name = Timer2Tests;
			productName = Timer2Tests;
			productReference = FAF211DD1D7154A90031E40B /* Timer2Tests.xctest */;
			productType = "com.apple.product-type.bundle.unit-test";
		};
		FAF211E71D7154A90031E40B /* Timer2UITests */ = {
			isa = PBXNativeTarget;
			buildConfigurationList = FAF211F71D7154A90031E40B /* Build configuration list for PBXNativeTarget "Timer2UITests" */;
			buildPhases = (
				FAF211E41D7154A90031E40B /* Sources */,
				FAF211E51D7154A90031E40B /* Frameworks */,
				FAF211E61D7154A90031E40B /* Resources */,
			);
			buildRules = (
			);
			dependencies = (
				FAF211EA1D7154A90031E40B /* PBXTargetDependency */,
			);
			name = Timer2UITests;
			productName = Timer2UITests;
			productReference = FAF211E81D7154A90031E40B /* Timer2UITests.xctest */;
			productType = "com.apple.product-type.bundle.ui-testing";
		};
/* End PBXNativeTarget section */

/* Begin PBXProject section */
		FAF211C11D7154A90031E40B /* Project object */ = {
			isa = PBXProject;
			attributes = {
				LastSwiftUpdateCheck = 0730;
				LastUpgradeCheck = 0730;
				ORGANIZATIONNAME = Nonsense;
				TargetAttributes = {
					FAF211C81D7154A90031E40B = {
						CreatedOnToolsVersion = 7.3;
						DevelopmentTeam = 6775TVLNZK;
					};
					FAF211DC1D7154A90031E40B = {
						CreatedOnToolsVersion = 7.3;
						TestTargetID = FAF211C81D7154A90031E40B;
					};
					FAF211E71D7154A90031E40B = {
						CreatedOnToolsVersion = 7.3;
						TestTargetID = FAF211C81D7154A90031E40B;
					};
				};
			};
			buildConfigurationList = FAF211C41D7154A90031E40B /* Build configuration list for PBXProject "Timer2" */;
			compatibilityVersion = "Xcode 3.2";
			developmentRegion = English;
			hasScannedForEncodings = 0;
			knownRegions = (
				en,
				Base,
			);
			mainGroup = FAF211C01D7154A90031E40B;
			productRefGroup = FAF211CA1D7154A90031E40B /* Products */;
			projectDirPath = "";
			projectRoot = "";
			targets = (
				FAF211C81D7154A90031E40B /* Timer2 */,
				FAF211DC1D7154A90031E40B /* Timer2Tests */,
				FAF211E71D7154A90031E40B /* Timer2UITests */,
			);
		};
/* End PBXProject section */

/* Begin PBXResourcesBuildPhase section */
		FAF211C71D7154A90031E40B /* Resources */ = {
			isa = PBXResourcesBuildPhase;
			buildActionMask = 2147483647;
			files = (
				FAF211D71D7154A90031E40B /* LaunchScreen.storyboard in Resources */,
				FAF211D41D7154A90031E40B /* Assets.xcassets in Resources */,
				FAF211D21D7154A90031E40B /* Main.storyboard in Resources */,
			);
			runOnlyForDeploymentPostprocessing = 0;
		};
		FAF211DB1D7154A90031E40B /* Resources */ = {
			isa = PBXResourcesBuildPhase;
			buildActionMask = 2147483647;
			files = (
			);
			runOnlyForDeploymentPostprocessing = 0;
		};
		FAF211E61D7154A90031E40B /* Resources */ = {
			isa = PBXResourcesBuildPhase;
			buildActionMask = 2147483647;
			files = (
			);
			runOnlyForDeploymentPostprocessing = 0;
		};
/* End PBXResourcesBuildPhase section */

/* Begin PBXSourcesBuildPhase section */
		FAF211C51D7154A90031E40B /* Sources */ = {
			isa = PBXSourcesBuildPhase;
			buildActionMask = 2147483647;
			files = (
				FAF211FB1D7155850031E40B /* TimerViewController.swift in Sources */,
				FAF211CD1D7154A90031E40B /* AppDelegate.swift in Sources */,
			);
			runOnlyForDeploymentPostprocessing = 0;
		};
		FAF211D91D7154A90031E40B /* Sources */ = {
			isa = PBXSourcesBuildPhase;
			buildActionMask = 2147483647;
			files = (
				FAF211E21D7154A90031E40B /* Timer2Tests.swift in Sources */,
			);
			runOnlyForDeploymentPostprocessing = 0;
		};
		FAF211E41D7154A90031E40B /* Sources */ = {
			isa = PBXSourcesBuildPhase;
			buildActionMask = 2147483647;
			files = (
				FAF211ED1D7154A90031E40B /* Timer2UITests.swift in Sources */,
			);
			runOnlyForDeploymentPostprocessing = 0;
		};
/* End PBXSourcesBuildPhase section */

/* Begin PBXTargetDependency section */
		FAF211DF1D7154A90031E40B /* PBXTargetDependency */ = {
			isa = PBXTargetDependency;
			target = FAF211C81D7154A90031E40B /* Timer2 */;
			targetProxy = FAF211DE1D7154A90031E40B /* PBXContainerItemProxy */;
		};
		FAF211EA1D7154A90031E40B /* PBXTargetDependency */ = {
			isa = PBXTargetDependency;
			target = FAF211C81D7154A90031E40B /* Timer2 */;
			targetProxy = FAF211E91D7154A90031E40B /* PBXContainerItemProxy */;
		};
/* End PBXTargetDependency section */

/* Begin PBXVariantGroup section */
		FAF211D01D7154A90031E40B /* Main.storyboard */ = {
			isa = PBXVariantGroup;
			children = (
				FAF211D11D7154A90031E40B /* Base */,
			);
			name = Main.storyboard;
			sourceTree = "<group>";
		};
		FAF211D51D7154A90031E40B /* LaunchScreen.storyboard */ = {
			isa = PBXVariantGroup;
			children = (
				FAF211D61D7154A90031E40B /* Base */,
			);
			name = LaunchScreen.storyboard;
			sourceTree = "<group>";
		};
/* End PBXVariantGroup section */

/* Begin XCBuildConfiguration section */
		FAF211EF1D7154A90031E40B /* Debug */ = {
			isa = XCBuildConfiguration;
			buildSettings = {
				ALWAYS_SEARCH_USER_PATHS = NO;
				CLANG_ANALYZER_NONNULL = YES;
				CLANG_CXX_LANGUAGE_STANDARD = "gnu++0x";
				CLANG_CXX_LIBRARY = "libc++";
				CLANG_ENABLE_MODULES = YES;
				CLANG_ENABLE_OBJC_ARC = YES;
				CLANG_WARN_BOOL_CONVERSION = YES;
				CLANG_WARN_CONSTANT_CONVERSION = YES;
				CLANG_WARN_DIRECT_OBJC_ISA_USAGE = YES_ERROR;
				CLANG_WARN_EMPTY_BODY = YES;
				CLANG_WARN_ENUM_CONVERSION = YES;
				CLANG_WARN_INT_CONVERSION = YES;
				CLANG_WARN_OBJC_ROOT_CLASS = YES_ERROR;
				CLANG_WARN_UNREACHABLE_CODE = YES;
				CLANG_WARN__DUPLICATE_METHOD_MATCH = YES;
				"CODE_SIGN_IDENTITY[sdk=iphoneos*]" = "iPhone Developer";
				COPY_PHASE_STRIP = NO;
				DEBUG_INFORMATION_FORMAT = dwarf;
				ENABLE_STRICT_OBJC_MSGSEND = YES;
				ENABLE_TESTABILITY = YES;
				GCC_C_LANGUAGE_STANDARD = gnu99;
				GCC_DYNAMIC_NO_PIC = NO;
				GCC_NO_COMMON_BLOCKS = YES;
				GCC_OPTIMIZATION_LEVEL = 0;
				GCC_PREPROCESSOR_DEFINITIONS = (
					"DEBUG=1",
					"$(inherited)",
				);
				GCC_WARN_64_TO_32_BIT_CONVERSION = YES;
				GCC_WARN_ABOUT_RETURN_TYPE = YES_ERROR;
				GCC_WARN_UNDECLARED_SELECTOR = YES;
				GCC_WARN_UNINITIALIZED_AUTOS = YES_AGGRESSIVE;
				GCC_WARN_UNUSED_FUNCTION = YES;
				GCC_WARN_UNUSED_VARIABLE = YES;
				IPHONEOS_DEPLOYMENT_TARGET = 9.3;
				MTL_ENABLE_DEBUG_INFO = YES;
				ONLY_ACTIVE_ARCH = YES;
				SDKROOT = iphoneos;
				SWIFT_OPTIMIZATION_LEVEL = "-Onone";
			};
			name = Debug;
		};
		FAF211F01D7154A90031E40B /* Release */ = {
			isa = XCBuildConfiguration;
			buildSettings = {
				ALWAYS_SEARCH_USER_PATHS = NO;
				CLANG_ANALYZER_NONNULL = YES;
				CLANG_CXX_LANGUAGE_STANDARD = "gnu++0x";
				CLANG_CXX_LIBRARY = "libc++";
				CLANG_ENABLE_MODULES = YES;
				CLANG_ENABLE_OBJC_ARC = YES;
				CLANG_WARN_BOOL_CONVERSION = YES;
				CLANG_WARN_CONSTANT_CONVERSION = YES;
				CLANG_WARN_DIRECT_OBJC_ISA_USAGE = YES_ERROR;
				CLANG_WARN_EMPTY_BODY = YES;
				CLANG_WARN_ENUM_CONVERSION = YES;
				CLANG_WARN_INT_CONVERSION = YES;
				CLANG_WARN_OBJC_ROOT_CLASS = YES_ERROR;
				CLANG_WARN_UNREACHABLE_CODE = YES;
				CLANG_WARN__DUPLICATE_METHOD_MATCH = YES;
				"CODE_SIGN_IDENTITY[sdk=iphoneos*]" = "iPhone Developer";
				COPY_PHASE_STRIP = NO;
				DEBUG_INFORMATION_FORMAT = "dwarf-with-dsym";
				ENABLE_NS_ASSERTIONS = NO;
				ENABLE_STRICT_OBJC_MSGSEND = YES;
				GCC_C_LANGUAGE_STANDARD = gnu99;
				GCC_NO_COMMON_BLOCKS = YES;
				GCC_WARN_64_TO_32_BIT_CONVERSION = YES;
				GCC_WARN_ABOUT_RETURN_TYPE = YES_ERROR;
				GCC_WARN_UNDECLARED_SELECTOR = YES;
				GCC_WARN_UNINITIALIZED_AUTOS = YES_AGGRESSIVE;
				GCC_WARN_UNUSED_FUNCTION = YES;
				GCC_WARN_UNUSED_VARIABLE = YES;
				IPHONEOS_DEPLOYMENT_TARGET = 9.3;
				MTL_ENABLE_DEBUG_INFO = NO;
				SDKROOT = iphoneos;
				VALIDATE_PRODUCT = YES;
			};
			name = Release;
		};
		FAF211F21D7154A90031E40B /* Debug */ = {
			isa = XCBuildConfiguration;
			buildSettings = {
				ASSETCATALOG_COMPILER_APPICON_NAME = AppIcon;
				CODE_SIGN_IDENTITY = "iPhone Developer";
				INFOPLIST_FILE = Timer2/Info.plist;
				LD_RUNPATH_SEARCH_PATHS = "$(inherited) @executable_path/Frameworks";
				PRODUCT_BUNDLE_IDENTIFIER = com.Nonsense.Timer2;
				PRODUCT_NAME = "$(TARGET_NAME)";
			};
			name = Debug;
		};
		FAF211F31D7154A90031E40B /* Release */ = {
			isa = XCBuildConfiguration;
			buildSettings = {
				ASSETCATALOG_COMPILER_APPICON_NAME = AppIcon;
				CODE_SIGN_IDENTITY = "iPhone Developer";
				INFOPLIST_FILE = Timer2/Info.plist;
				LD_RUNPATH_SEARCH_PATHS = "$(inherited) @executable_path/Frameworks";
				PRODUCT_BUNDLE_IDENTIFIER = com.Nonsense.Timer2;
				PRODUCT_NAME = "$(TARGET_NAME)";
			};
			name = Release;
		};
		FAF211F51D7154A90031E40B /* Debug */ = {
			isa = XCBuildConfiguration;
			buildSettings = {
				BUNDLE_LOADER = "$(TEST_HOST)";
				INFOPLIST_FILE = Timer2Tests/Info.plist;
				LD_RUNPATH_SEARCH_PATHS = "$(inherited) @executable_path/Frameworks @loader_path/Frameworks";
				PRODUCT_BUNDLE_IDENTIFIER = com.Nonsense.Timer2Tests;
				PRODUCT_NAME = "$(TARGET_NAME)";
				TEST_HOST = "$(BUILT_PRODUCTS_DIR)/Timer2.app/Timer2";
			};
			name = Debug;
		};
		FAF211F61D7154A90031E40B /* Release */ = {
			isa = XCBuildConfiguration;
			buildSettings = {
				BUNDLE_LOADER = "$(TEST_HOST)";
				INFOPLIST_FILE = Timer2Tests/Info.plist;
				LD_RUNPATH_SEARCH_PATHS = "$(inherited) @executable_path/Frameworks @loader_path/Frameworks";
				PRODUCT_BUNDLE_IDENTIFIER = com.Nonsense.Timer2Tests;
				PRODUCT_NAME = "$(TARGET_NAME)";
				TEST_HOST = "$(BUILT_PRODUCTS_DIR)/Timer2.app/Timer2";
			};
			name = Release;
		};
		FAF211F81D7154A90031E40B /* Debug */ = {
			isa = XCBuildConfiguration;
			buildSettings = {
				INFOPLIST_FILE = Timer2UITests/Info.plist;
				LD_RUNPATH_SEARCH_PATHS = "$(inherited) @executable_path/Frameworks @loader_path/Frameworks";
				PRODUCT_BUNDLE_IDENTIFIER = com.Nonsense.Timer2UITests;
				PRODUCT_NAME = "$(TARGET_NAME)";
				TEST_TARGET_NAME = Timer2;
			};
			name = Debug;
		};
		FAF211F91D7154A90031E40B /* Release */ = {
			isa = XCBuildConfiguration;
			buildSettings = {
				INFOPLIST_FILE = Timer2UITests/Info.plist;
				LD_RUNPATH_SEARCH_PATHS = "$(inherited) @executable_path/Frameworks @loader_path/Frameworks";
				PRODUCT_BUNDLE_IDENTIFIER = com.Nonsense.Timer2UITests;
				PRODUCT_NAME = "$(TARGET_NAME)";
				TEST_TARGET_NAME = Timer2;
			};
			name = Release;
		};
/* End XCBuildConfiguration section */

/* Begin XCConfigurationList section */
		FAF211C41D7154A90031E40B /* Build configuration list for PBXProject "Timer2" */ = {
			isa = XCConfigurationList;
			buildConfigurations = (
				FAF211EF1D7154A90031E40B /* Debug */,
				FAF211F01D7154A90031E40B /* Release */,
			);
			defaultConfigurationIsVisible = 0;
			defaultConfigurationName = Release;
		};
		FAF211F11D7154A90031E40B /* Build configuration list for PBXNativeTarget "Timer2" */ = {
			isa = XCConfigurationList;
			buildConfigurations = (
				FAF211F21D7154A90031E40B /* Debug */,
				FAF211F31D7154A90031E40B /* Release */,
			);
			defaultConfigurationIsVisible = 0;
		};
		FAF211F41D7154A90031E40B /* Build configuration list for PBXNativeTarget "Timer2Tests" */ = {
			isa = XCConfigurationList;
			buildConfigurations = (
				FAF211F51D7154A90031E40B /* Debug */,
				FAF211F61D7154A90031E40B /* Release */,
			);
			defaultConfigurationIsVisible = 0;
		};
		FAF211F71D7154A90031E40B /* Build configuration list for PBXNativeTarget "Timer2UITests" */ = {
			isa = XCConfigurationList;
			buildConfigurations = (
				FAF211F81D7154A90031E40B /* Debug */,
				FAF211F91D7154A90031E40B /* Release */,
			);
			defaultConfigurationIsVisible = 0;
		};
/* End XCConfigurationList section */
	};
	rootObject = FAF211C11D7154A90031E40B /* Project object */;
}
